Microsoft Visual Studio Solution File, Format Version 12.00
# Visual Studio 14
Project("{8BC9CEB8-8B4A-11D0-8D11-00A0C91BC942}") = "ALL_BUILD", "ALL_BUILD.vcxproj", "{32F718EF-D368-3473-9688-5CF7342501BE}"
	ProjectSection(ProjectDependencies) = postProject
		{D6BC5A10-D0AC-3CE2-A0C0-81151FF568A8} = {D6BC5A10-D0AC-3CE2-A0C0-81151FF568A8}
		{9EFD811A-3FCD-3A32-8F2A-B5E961070638} = {9EFD811A-3FCD-3A32-8F2A-B5E961070638}
	EndProjectSection
EndProject
Project("{8BC9CEB8-8B4A-11D0-8D11-00A0C91BC942}") = "ZERO_CHECK", "ZERO_CHECK.vcxproj", "{D6BC5A10-D0AC-3CE2-A0C0-81151FF568A8}"
	ProjectSection(ProjectDependencies) = postProject
	EndProjectSection
EndProject
Project("{8BC9CEB8-8B4A-11D0-8D11-00A0C91BC942}") = "ask", "ask.vcxproj", "{9EFD811A-3FCD-3A32-8F2A-B5E961070638}"
	ProjectSection(ProjectDependencies) = postProject
		{D6BC5A10-D0AC-3CE2-A0C0-81151FF568A8} = {D6BC5A10-D0AC-3CE2-A0C0-81151FF568A8}
	EndProjectSection
EndProject
Global
	GlobalSection(SolutionConfigurationPlatforms) = preSolution
		Debug|Win32 = Debug|Win32
		Release|Win32 = Release|Win32
		MinSizeRel|Win32 = MinSizeRel|Win32
		RelWithDebInfo|Win32 = RelWithDebInfo|Win32
	EndGlobalSection
	GlobalSection(ProjectConfigurationPlatforms) = postSolution
		{32F718EF-D368-3473-9688-5CF7342501BE}.Debug|Win32.ActiveCfg = Debug|Win32
		{32F718EF-D368-3473-9688-5CF7342501BE}.Release|Win32.ActiveCfg = Release|Win32
		{32F718EF-D368-3473-9688-5CF7342501BE}.MinSizeRel|Win32.ActiveCfg = MinSizeRel|Win32
		{32F718EF-D368-3473-9688-5CF7342501BE}.RelWithDebInfo|Win32.ActiveCfg = RelWithDebInfo|Win32
		{D6BC5A10-D0AC-3CE2-A0C0-81151FF568A8}.Debug|Win32.ActiveCfg = Debug|Win32
		{D6BC5A10-D0AC-3CE2-A0C0-81151FF568A8}.Debug|Win32.Build.0 = Debug|Win32
		{D6BC5A10-D0AC-3CE2-A0C0-81151FF568A8}.Release|Win32.ActiveCfg = Release|Win32
		{D6BC5A10-D0AC-3CE2-A0C0-81151FF568A8}.Release|Win32.Build.0 = Release|Win32
		{D6BC5A10-D0AC-3CE2-A0C0-81151FF568A8}.MinSizeRel|Win32.ActiveCfg = MinSizeRel|Win32
		{D6BC5A10-D0AC-3CE2-A0C0-81151FF568A8}.MinSizeRel|Win32.Build.0 = MinSizeRel|Win32
		{D6BC5A10-D0AC-3CE2-A0C0-81151FF568A8}.RelWithDebInfo|Win32.ActiveCfg = RelWithDebInfo|Win32
		{D6BC5A10-D0AC-3CE2-A0C0-81151FF568A8}.RelWithDebInfo|Win32.Build.0 = RelWithDebInfo|Win32
		{9EFD811A-3FCD-3A32-8F2A-B5E961070638}.Debug|Win32.ActiveCfg = Debug|Win32
		{9EFD811A-3FCD-3A32-8F2A-B5E961070638}.Debug|Win32.Build.0 = Debug|Win32
		{9EFD811A-3FCD-3A32-8F2A-B5E961070638}.Release|Win32.ActiveCfg = Release|Win32
		{9EFD811A-3FCD-3A32-8F2A-B5E961070638}.Release|Win32.Build.0 = Release|Win32
		{9EFD811A-3FCD-3A32-8F2A-B5E961070638}.MinSizeRel|Win32.ActiveCfg = MinSizeRel|Win32
		{9EFD811A-3FCD-3A32-8F2A-B5E961070638}.MinSizeRel|Win32.Build.0 = MinSizeRel|Win32
		{9EFD811A-3FCD-3A32-8F2A-B5E961070638}.RelWithDebInfo|Win32.ActiveCfg = RelWithDebInfo|Win32
		{9EFD811A-3FCD-3A32-8F2A-B5E961070638}.RelWithDebInfo|Win32.Build.0 = RelWithDebInfo|Win32
	EndGlobalSection
	GlobalSection(ExtensibilityGlobals) = postSolution
	EndGlobalSection
	GlobalSection(ExtensibilityAddIns) = postSolution
	EndGlobalSection
EndGlobal
